{
  "name": "turbo-repo",
  "version": "1.0.0",
  "lockfileVersion": 2,
  "requires": true,
  "packages": {
    "": {
      "name": "turbo-repo",
      "version": "1.0.0",
      "license": "ISC",
      "devDependencies": {
        "turbo": "^2.3.0"
      }
    },
    "node_modules/turbo": {
      "version": "2.3.0",
      "resolved": "https://registry.npmjs.org/turbo/-/turbo-2.3.0.tgz",
      "integrity": "sha512-/uOq5o2jwRPyaUDnwBpOR5k9mQq4c3wziBgWNWttiYQPmbhDtrKYPRBxTvA2WpgQwRIbt8UM612RMN8n/TvmHA==",
      "dev": true,
      "bin": {
        "turbo": "bin/turbo"
      },
      "optionalDependencies": {
        "turbo-darwin-64": "2.3.0",
        "turbo-darwin-arm64": "2.3.0",
        "turbo-linux-64": "2.3.0",
        "turbo-linux-arm64": "2.3.0",
        "turbo-windows-64": "2.3.0",
        "turbo-windows-arm64": "2.3.0"
      }
    },
    "node_modules/turbo-darwin-64": {
      "version": "2.3.0",
      "resolved": "https://registry.npmjs.org/turbo-darwin-64/-/turbo-darwin-64-2.3.0.tgz",
      "integrity": "sha512-pji+D49PhFItyQjf2QVoLZw2d3oRGo8gJgKyOiRzvip78Rzie74quA8XNwSg/DuzM7xx6gJ3p2/LylTTlgZXxQ==",
      "cpu": [
        "x64"
      ],
      "dev": true,
      "optional": true,
      "os": [
        "darwin"
      ]
    },
    "node_modules/turbo-darwin-arm64": {
      "version": "2.3.0",
      "resolved": "https://registry.npmjs.org/turbo-darwin-arm64/-/turbo-darwin-arm64-2.3.0.tgz",
      "integrity": "sha512-AJrGIL9BO41mwDF/IBHsNGwvtdyB911vp8f5mbNo1wG66gWTvOBg7WCtYQBvCo11XTenTfXPRSsAb7w3WAZb6w==",
      "cpu": [
        "arm64"
      ],
      "dev": true,
      "optional": true,
      "os": [
        "darwin"
      ]
    },
    "node_modules/turbo-linux-64": {
      "version": "2.3.0",
      "resolved": "https://registry.npmjs.org/turbo-linux-64/-/turbo-linux-64-2.3.0.tgz",
      "integrity": "sha512-jZqW6vc2sPJT3M/3ZmV1Cg4ecQVPqsbHncG/RnogHpBu783KCSXIndgxvUQNm9qfgBYbZDBnP1md63O4UTElhw==",
      "cpu": [
        "x64"
      ],
      "dev": true,
      "optional": true,
      "os": [
        "linux"
      ]
    },
    "node_modules/turbo-linux-arm64": {
      "version": "2.3.0",
      "resolved": "https://registry.npmjs.org/turbo-linux-arm64/-/turbo-linux-arm64-2.3.0.tgz",
      "integrity": "sha512-HUbDLJlvd/hxuyCNO0BmEWYQj0TugRMvSQeG8vHJH+Lq8qOgDAe7J0K73bFNbZejZQxW3C3XEiZFB3pnpO78+A==",
      "cpu": [
        "arm64"
      ],
      "dev": true,
      "optional": true,
      "os": [
        "linux"
      ]
    },
    "node_modules/turbo-windows-64": {
      "version": "2.3.0",
      "resolved": "https://registry.npmjs.org/turbo-windows-64/-/turbo-windows-64-2.3.0.tgz",
      "integrity": "sha512-c5rxrGNTYDWX9QeMzWLFE9frOXnKjHGEvQMp1SfldDlbZYsloX9UKs31TzUThzfTgTiz8NYuShaXJ2UvTMnV/g==",
      "cpu": [
        "x64"
      ],
      "dev": true,
      "optional": true,
      "os": [
        "win32"
      ]
    },
    "node_modules/turbo-windows-arm64": {
      "version": "2.3.0",
      "resolved": "https://registry.npmjs.org/turbo-windows-arm64/-/turbo-windows-arm64-2.3.0.tgz",
      "integrity": "sha512-7qfUuYhfIVb1AZgs89DxhXK+zZez6O2ocmixEQ4hXZK7ytnBt5vaz2zGNJJKFNYIL5HX1C3tuHolnpNgDNCUIg==",
      "cpu": [
        "arm64"
      ],
      "dev": true,
      "optional": true,
      "os": [
        "win32"
      ]
    }
  },
  "dependencies": {
    "turbo": {
      "version": "2.3.0",
      "resolved": "https://registry.npmjs.org/turbo/-/turbo-2.3.0.tgz",
      "integrity": "sha512-/uOq5o2jwRPyaUDnwBpOR5k9mQq4c3wziBgWNWttiYQPmbhDtrKYPRBxTvA2WpgQwRIbt8UM612RMN8n/TvmHA==",
      "dev": true,
      "requires": {
        "turbo-darwin-64": "2.3.0",
        "turbo-darwin-arm64": "2.3.0",
        "turbo-linux-64": "2.3.0",
        "turbo-linux-arm64": "2.3.0",
        "turbo-windows-64": "2.3.0",
        "turbo-windows-arm64": "2.3.0"
      }
    },
    "turbo-darwin-64": {
      "version": "2.3.0",
      "resolved": "https://registry.npmjs.org/turbo-darwin-64/-/turbo-darwin-64-2.3.0.tgz",
      "integrity": "sha512-pji+D49PhFItyQjf2QVoLZw2d3oRGo8gJgKyOiRzvip78Rzie74quA8XNwSg/DuzM7xx6gJ3p2/LylTTlgZXxQ==",
      "dev": true,
      "optional": true
    },
    "turbo-darwin-arm64": {
      "version": "2.3.0",
      "resolved": "https://registry.npmjs.org/turbo-darwin-arm64/-/turbo-darwin-arm64-2.3.0.tgz",
      "integrity": "sha512-AJrGIL9BO41mwDF/IBHsNGwvtdyB911vp8f5mbNo1wG66gWTvOBg7WCtYQBvCo11XTenTfXPRSsAb7w3WAZb6w==",
      "dev": true,
      "optional": true
    },
    "turbo-linux-64": {
      "version": "2.3.0",
      "resolved": "https://registry.npmjs.org/turbo-linux-64/-/turbo-linux-64-2.3.0.tgz",
      "integrity": "sha512-jZqW6vc2sPJT3M/3ZmV1Cg4ecQVPqsbHncG/RnogHpBu783KCSXIndgxvUQNm9qfgBYbZDBnP1md63O4UTElhw==",
      "dev": true,
      "optional": true
    },
    "turbo-linux-arm64": {
      "version": "2.3.0",
      "resolved": "https://registry.npmjs.org/turbo-linux-arm64/-/turbo-linux-arm64-2.3.0.tgz",
      "integrity": "sha512-HUbDLJlvd/hxuyCNO0BmEWYQj0TugRMvSQeG8vHJH+Lq8qOgDAe7J0K73bFNbZejZQxW3C3XEiZFB3pnpO78+A==",
      "dev": true,
      "optional": true
    },
    "turbo-windows-64": {
      "version": "2.3.0",
      "resolved": "https://registry.npmjs.org/turbo-windows-64/-/turbo-windows-64-2.3.0.tgz",
      "integrity": "sha512-c5rxrGNTYDWX9QeMzWLFE9frOXnKjHGEvQMp1SfldDlbZYsloX9UKs31TzUThzfTgTiz8NYuShaXJ2UvTMnV/g==",
      "dev": true,
      "optional": true
    },
    "turbo-windows-arm64": {
      "version": "2.3.0",
      "resolved": "https://registry.npmjs.org/turbo-windows-arm64/-/turbo-windows-arm64-2.3.0.tgz",
      "integrity": "sha512-7qfUuYhfIVb1AZgs89DxhXK+zZez6O2ocmixEQ4hXZK7ytnBt5vaz2zGNJJKFNYIL5HX1C3tuHolnpNgDNCUIg==",
      "dev": true,
      "optional": true
    }
  }
}
